PODS:
  - Kingfisher (5.13.2):
    - Kingfisher/Core (= 5.13.2)
  - Kingfisher/Core (5.13.2)
  - SDCycleScrollView (1.80):
    - SDWebImage (>= 5.0.0)
  - SDWebImage (5.3.1):
    - SDWebImage/Core (= 5.3.1)
  - SDWebImage/Core (5.3.1)

DEPENDENCIES:
  - Kingfisher
  - SDCycleScrollView

SPEC REPOS:
  trunk:
    - Kingfisher
    - SDCycleScrollView
    - SDWebImage

SPEC CHECKSUMS:
  Kingfisher: d342c8354c10c3d85a27d6d4c42c41285924b898
  SDCycleScrollView: b3c9a5ed840c771c4938978174c7c9d9feefeb96
  SDWebImage: 7137d57385fb632129838c1e6ab9528a22c666cc

PODFILE CHECKSUM: 3684287b327ecc6f2da303cadd1396459232d9bf

COCOAPODS: 1.8.4
